
Microsoft Visual Studio Solution File, Format Version 12.00
# Visual Studio Version 16
VisualStudioVersion = 16.0.31402.337
MinimumVisualStudioVersion = 10.0.40219.1
Project("{9A19103F-16F7-4668-BE54-9A1E7A4F7556}") = "AnimalMatchingGame", "AnimalMatchingGame.csproj", "{B646741D-8B8F-4C9C-868A-EC09EC85F364}"
EndProject
Project("{9A19103F-16F7-4668-BE54-9A1E7A4F7556}") = "AnimalMatchingGameTests", "..\AnimalMachingGameTests\AnimalMatchingGameTests.csproj", "{555CBD34-C386-498F-9B81-CA92CBC5DACE}"
EndProject
Project("{9A19103F-16F7-4668-BE54-9A1E7A4F7556}") = "AnimalMatchingGameUI", "..\AnimalMatchingGameUI\AnimalMatchingGameUI.csproj", "{69B1D21C-B8DD-4937-BC7B-46E08E567D1B}"
EndProject
Global
	GlobalSection(SolutionConfigurationPlatforms) = preSolution
		Debug|Any CPU = Debug|Any CPU
		Release|Any CPU = Release|Any CPU
	EndGlobalSection
	GlobalSection(ProjectConfigurationPlatforms) = postSolution
		{B646741D-8B8F-4C9C-868A-EC09EC85F364}.Debug|Any CPU.ActiveCfg = Debug|Any CPU
		{B646741D-8B8F-4C9C-868A-EC09EC85F364}.Debug|Any CPU.Build.0 = Debug|Any CPU
		{B646741D-8B8F-4C9C-868A-EC09EC85F364}.Release|Any CPU.ActiveCfg = Release|Any CPU
		{B646741D-8B8F-4C9C-868A-EC09EC85F364}.Release|Any CPU.Build.0 = Release|Any CPU
		{555CBD34-C386-498F-9B81-CA92CBC5DACE}.Debug|Any CPU.ActiveCfg = Debug|Any CPU
		{555CBD34-C386-498F-9B81-CA92CBC5DACE}.Debug|Any CPU.Build.0 = Debug|Any CPU
		{555CBD34-C386-498F-9B81-CA92CBC5DACE}.Release|Any CPU.ActiveCfg = Release|Any CPU
		{555CBD34-C386-498F-9B81-CA92CBC5DACE}.Release|Any CPU.Build.0 = Release|Any CPU
		{69B1D21C-B8DD-4937-BC7B-46E08E567D1B}.Debug|Any CPU.ActiveCfg = Debug|Any CPU
		{69B1D21C-B8DD-4937-BC7B-46E08E567D1B}.Debug|Any CPU.Build.0 = Debug|Any CPU
		{69B1D21C-B8DD-4937-BC7B-46E08E567D1B}.Release|Any CPU.ActiveCfg = Release|Any CPU
		{69B1D21C-B8DD-4937-BC7B-46E08E567D1B}.Release|Any CPU.Build.0 = Release|Any CPU
	EndGlobalSection
	GlobalSection(SolutionProperties) = preSolution
		HideSolutionNode = FALSE
	EndGlobalSection
	GlobalSection(ExtensibilityGlobals) = postSolution
		SolutionGuid = {39733C57-0F77-4253-B0BC-DED2C51A9722}
	EndGlobalSection
EndGlobal
